
Microsoft Visual Studio Solution File, Format Version 12.00
# Visual Studio Version 16
VisualStudioVersion = 16.0.29209.62
MinimumVisualStudioVersion = 10.0.40219.1
Project("{FAE04EC0-301F-11D3-BF4B-00C04F79EFBC}") = "mvcAddress", "mvcAddress\mvcAddress.csproj", "{CBCA8D42-1518-4912-8E2B-9BE3E2206507}"
EndProject
Project("{FAE04EC0-301F-11D3-BF4B-00C04F79EFBC}") = "apiAddressbook", "apiAddressbook\apiAddressbook.csproj", "{DFBB6BDF-89C8-40DC-AB4D-261F6A6DC755}"
EndProject
Project("{FAE04EC0-301F-11D3-BF4B-00C04F79EFBC}") = "appAddress.UWP", "appAddress\appAddress.UWP\appAddress.UWP.csproj", "{AB689B17-588B-466B-9B09-FBFED8C0FAE4}"
EndProject
Project("{FAE04EC0-301F-11D3-BF4B-00C04F79EFBC}") = "appAddress.Android", "appAddress\appAddress.Android\appAddress.Android.csproj", "{B8EA8243-44E5-4B94-9E2E-026D8260950C}"
EndProject
Project("{FAE04EC0-301F-11D3-BF4B-00C04F79EFBC}") = "appAddress.iOS", "appAddress\appAddress.iOS\appAddress.iOS.csproj", "{ABA87CD0-B936-4789-8CC1-05C1471F0F11}"
EndProject
Project("{FAE04EC0-301F-11D3-BF4B-00C04F79EFBC}") = "appAddress", "appAddress\appAddress\appAddress.csproj", "{8AC783FE-902B-4CE2-8593-8A6D4927CCF2}"
EndProject
Global
	GlobalSection(SolutionConfigurationPlatforms) = preSolution
		Debug|Any CPU = Debug|Any CPU
		Debug|ARM = Debug|ARM
		Debug|iPhone = Debug|iPhone
		Debug|iPhoneSimulator = Debug|iPhoneSimulator
		Debug|x64 = Debug|x64
		Debug|x86 = Debug|x86
		Release|Any CPU = Release|Any CPU
		Release|ARM = Release|ARM
		Release|iPhone = Release|iPhone
		Release|iPhoneSimulator = Release|iPhoneSimulator
		Release|x64 = Release|x64
		Release|x86 = Release|x86
	EndGlobalSection
	GlobalSection(ProjectConfigurationPlatforms) = postSolution
		{CBCA8D42-1518-4912-8E2B-9BE3E2206507}.Debug|Any CPU.ActiveCfg = Debug|Any CPU
		{CBCA8D42-1518-4912-8E2B-9BE3E2206507}.Debug|Any CPU.Build.0 = Debug|Any CPU
		{CBCA8D42-1518-4912-8E2B-9BE3E2206507}.Debug|ARM.ActiveCfg = Debug|Any CPU
		{CBCA8D42-1518-4912-8E2B-9BE3E2206507}.Debug|ARM.Build.0 = Debug|Any CPU
		{CBCA8D42-1518-4912-8E2B-9BE3E2206507}.Debug|iPhone.ActiveCfg = Debug|Any CPU
		{CBCA8D42-1518-4912-8E2B-9BE3E2206507}.Debug|iPhone.Build.0 = Debug|Any CPU
		{CBCA8D42-1518-4912-8E2B-9BE3E2206507}.Debug|iPhoneSimulator.ActiveCfg = Debug|Any CPU
		{CBCA8D42-1518-4912-8E2B-9BE3E2206507}.Debug|iPhoneSimulator.Build.0 = Debug|Any CPU
		{CBCA8D42-1518-4912-8E2B-9BE3E2206507}.Debug|x64.ActiveCfg = Debug|Any CPU
		{CBCA8D42-1518-4912-8E2B-9BE3E2206507}.Debug|x64.Build.0 = Debug|Any CPU
		{CBCA8D42-1518-4912-8E2B-9BE3E2206507}.Debug|x86.ActiveCfg = Debug|Any CPU
		{CBCA8D42-1518-4912-8E2B-9BE3E2206507}.Debug|x86.Build.0 = Debug|Any CPU
		{CBCA8D42-1518-4912-8E2B-9BE3E2206507}.Release|Any CPU.ActiveCfg = Release|Any CPU
		{CBCA8D42-1518-4912-8E2B-9BE3E2206507}.Release|Any CPU.Build.0 = Release|Any CPU
		{CBCA8D42-1518-4912-8E2B-9BE3E2206507}.Release|ARM.ActiveCfg = Release|Any CPU
		{CBCA8D42-1518-4912-8E2B-9BE3E2206507}.Release|ARM.Build.0 = Release|Any CPU
		{CBCA8D42-1518-4912-8E2B-9BE3E2206507}.Release|iPhone.ActiveCfg = Release|Any CPU
		{CBCA8D42-1518-4912-8E2B-9BE3E2206507}.Release|iPhone.Build.0 = Release|Any CPU
		{CBCA8D42-1518-4912-8E2B-9BE3E2206507}.Release|iPhoneSimulator.ActiveCfg = Release|Any CPU
		{CBCA8D42-1518-4912-8E2B-9BE3E2206507}.Release|iPhoneSimulator.Build.0 = Release|Any CPU
		{CBCA8D42-1518-4912-8E2B-9BE3E2206507}.Release|x64.ActiveCfg = Release|Any CPU
		{CBCA8D42-1518-4912-8E2B-9BE3E2206507}.Release|x64.Build.0 = Release|Any CPU
		{CBCA8D42-1518-4912-8E2B-9BE3E2206507}.Release|x86.ActiveCfg = Release|Any CPU
		{CBCA8D42-1518-4912-8E2B-9BE3E2206507}.Release|x86.Build.0 = Release|Any CPU
		{DFBB6BDF-89C8-40DC-AB4D-261F6A6DC755}.Debug|Any CPU.ActiveCfg = Debug|Any CPU
		{DFBB6BDF-89C8-40DC-AB4D-261F6A6DC755}.Debug|Any CPU.Build.0 = Debug|Any CPU
		{DFBB6BDF-89C8-40DC-AB4D-261F6A6DC755}.Debug|ARM.ActiveCfg = Debug|Any CPU
		{DFBB6BDF-89C8-40DC-AB4D-261F6A6DC755}.Debug|ARM.Build.0 = Debug|Any CPU
		{DFBB6BDF-89C8-40DC-AB4D-261F6A6DC755}.Debug|iPhone.ActiveCfg = Debug|Any CPU
		{DFBB6BDF-89C8-40DC-AB4D-261F6A6DC755}.Debug|iPhone.Build.0 = Debug|Any CPU
		{DFBB6BDF-89C8-40DC-AB4D-261F6A6DC755}.Debug|iPhoneSimulator.ActiveCfg = Debug|Any CPU
		{DFBB6BDF-89C8-40DC-AB4D-261F6A6DC755}.Debug|iPhoneSimulator.Build.0 = Debug|Any CPU
		{DFBB6BDF-89C8-40DC-AB4D-261F6A6DC755}.Debug|x64.ActiveCfg = Debug|Any CPU
		{DFBB6BDF-89C8-40DC-AB4D-261F6A6DC755}.Debug|x64.Build.0 = Debug|Any CPU
		{DFBB6BDF-89C8-40DC-AB4D-261F6A6DC755}.Debug|x86.ActiveCfg = Debug|Any CPU
		{DFBB6BDF-89C8-40DC-AB4D-261F6A6DC755}.Debug|x86.Build.0 = Debug|Any CPU
		{DFBB6BDF-89C8-40DC-AB4D-261F6A6DC755}.Release|Any CPU.ActiveCfg = Release|Any CPU
		{DFBB6BDF-89C8-40DC-AB4D-261F6A6DC755}.Release|Any CPU.Build.0 = Release|Any CPU
		{DFBB6BDF-89C8-40DC-AB4D-261F6A6DC755}.Release|ARM.ActiveCfg = Release|Any CPU
		{DFBB6BDF-89C8-40DC-AB4D-261F6A6DC755}.Release|ARM.Build.0 = Release|Any CPU
		{DFBB6BDF-89C8-40DC-AB4D-261F6A6DC755}.Release|iPhone.ActiveCfg = Release|Any CPU
		{DFBB6BDF-89C8-40DC-AB4D-261F6A6DC755}.Release|iPhone.Build.0 = Release|Any CPU
		{DFBB6BDF-89C8-40DC-AB4D-261F6A6DC755}.Release|iPhoneSimulator.ActiveCfg = Release|Any CPU
		{DFBB6BDF-89C8-40DC-AB4D-261F6A6DC755}.Release|iPhoneSimulator.Build.0 = Release|Any CPU
		{DFBB6BDF-89C8-40DC-AB4D-261F6A6DC755}.Release|x64.ActiveCfg = Release|Any CPU
		{DFBB6BDF-89C8-40DC-AB4D-261F6A6DC755}.Release|x64.Build.0 = Release|Any CPU
		{DFBB6BDF-89C8-40DC-AB4D-261F6A6DC755}.Release|x86.ActiveCfg = Release|Any CPU
		{DFBB6BDF-89C8-40DC-AB4D-261F6A6DC755}.Release|x86.Build.0 = Release|Any CPU
		{AB689B17-588B-466B-9B09-FBFED8C0FAE4}.Debug|Any CPU.ActiveCfg = Debug|x86
		{AB689B17-588B-466B-9B09-FBFED8C0FAE4}.Debug|ARM.ActiveCfg = Debug|ARM
		{AB689B17-588B-466B-9B09-FBFED8C0FAE4}.Debug|ARM.Build.0 = Debug|ARM
		{AB689B17-588B-466B-9B09-FBFED8C0FAE4}.Debug|ARM.Deploy.0 = Debug|ARM
		{AB689B17-588B-466B-9B09-FBFED8C0FAE4}.Debug|iPhone.ActiveCfg = Debug|x86
		{AB689B17-588B-466B-9B09-FBFED8C0FAE4}.Debug|iPhoneSimulator.ActiveCfg = Debug|x86
		{AB689B17-588B-466B-9B09-FBFED8C0FAE4}.Debug|x64.ActiveCfg = Debug|x64
		{AB689B17-588B-466B-9B09-FBFED8C0FAE4}.Debug|x64.Build.0 = Debug|x64
		{AB689B17-588B-466B-9B09-FBFED8C0FAE4}.Debug|x64.Deploy.0 = Debug|x64
		{AB689B17-588B-466B-9B09-FBFED8C0FAE4}.Debug|x86.ActiveCfg = Debug|x86
		{AB689B17-588B-466B-9B09-FBFED8C0FAE4}.Debug|x86.Build.0 = Debug|x86
		{AB689B17-588B-466B-9B09-FBFED8C0FAE4}.Debug|x86.Deploy.0 = Debug|x86
		{AB689B17-588B-466B-9B09-FBFED8C0FAE4}.Release|Any CPU.ActiveCfg = Release|x86
		{AB689B17-588B-466B-9B09-FBFED8C0FAE4}.Release|ARM.ActiveCfg = Release|ARM
		{AB689B17-588B-466B-9B09-FBFED8C0FAE4}.Release|ARM.Build.0 = Release|ARM
		{AB689B17-588B-466B-9B09-FBFED8C0FAE4}.Release|ARM.Deploy.0 = Release|ARM
		{AB689B17-588B-466B-9B09-FBFED8C0FAE4}.Release|iPhone.ActiveCfg = Release|x86
		{AB689B17-588B-466B-9B09-FBFED8C0FAE4}.Release|iPhoneSimulator.ActiveCfg = Release|x86
		{AB689B17-588B-466B-9B09-FBFED8C0FAE4}.Release|x64.ActiveCfg = Release|x64
		{AB689B17-588B-466B-9B09-FBFED8C0FAE4}.Release|x64.Build.0 = Release|x64
		{AB689B17-588B-466B-9B09-FBFED8C0FAE4}.Release|x64.Deploy.0 = Release|x64
		{AB689B17-588B-466B-9B09-FBFED8C0FAE4}.Release|x86.ActiveCfg = Release|x86
		{AB689B17-588B-466B-9B09-FBFED8C0FAE4}.Release|x86.Build.0 = Release|x86
		{AB689B17-588B-466B-9B09-FBFED8C0FAE4}.Release|x86.Deploy.0 = Release|x86
		{B8EA8243-44E5-4B94-9E2E-026D8260950C}.Debug|Any CPU.ActiveCfg = Debug|Any CPU
		{B8EA8243-44E5-4B94-9E2E-026D8260950C}.Debug|Any CPU.Build.0 = Debug|Any CPU
		{B8EA8243-44E5-4B94-9E2E-026D8260950C}.Debug|Any CPU.Deploy.0 = Debug|Any CPU
		{B8EA8243-44E5-4B94-9E2E-026D8260950C}.Debug|ARM.ActiveCfg = Debug|Any CPU
		{B8EA8243-44E5-4B94-9E2E-026D8260950C}.Debug|ARM.Build.0 = Debug|Any CPU
		{B8EA8243-44E5-4B94-9E2E-026D8260950C}.Debug|ARM.Deploy.0 = Debug|Any CPU
		{B8EA8243-44E5-4B94-9E2E-026D8260950C}.Debug|iPhone.ActiveCfg = Debug|Any CPU
		{B8EA8243-44E5-4B94-9E2E-026D8260950C}.Debug|iPhone.Build.0 = Debug|Any CPU
		{B8EA8243-44E5-4B94-9E2E-026D8260950C}.Debug|iPhone.Deploy.0 = Debug|Any CPU
		{B8EA8243-44E5-4B94-9E2E-026D8260950C}.Debug|iPhoneSimulator.ActiveCfg = Debug|Any CPU
		{B8EA8243-44E5-4B94-9E2E-026D8260950C}.Debug|iPhoneSimulator.Build.0 = Debug|Any CPU
		{B8EA8243-44E5-4B94-9E2E-026D8260950C}.Debug|iPhoneSimulator.Deploy.0 = Debug|Any CPU
		{B8EA8243-44E5-4B94-9E2E-026D8260950C}.Debug|x64.ActiveCfg = Debug|Any CPU
		{B8EA8243-44E5-4B94-9E2E-026D8260950C}.Debug|x64.Build.0 = Debug|Any CPU
		{B8EA8243-44E5-4B94-9E2E-026D8260950C}.Debug|x64.Deploy.0 = Debug|Any CPU
		{B8EA8243-44E5-4B94-9E2E-026D8260950C}.Debug|x86.ActiveCfg = Debug|Any CPU
		{B8EA8243-44E5-4B94-9E2E-026D8260950C}.Debug|x86.Build.0 = Debug|Any CPU
		{B8EA8243-44E5-4B94-9E2E-026D8260950C}.Debug|x86.Deploy.0 = Debug|Any CPU
		{B8EA8243-44E5-4B94-9E2E-026D8260950C}.Release|Any CPU.ActiveCfg = Release|Any CPU
		{B8EA8243-44E5-4B94-9E2E-026D8260950C}.Release|Any CPU.Build.0 = Release|Any CPU
		{B8EA8243-44E5-4B94-9E2E-026D8260950C}.Release|Any CPU.Deploy.0 = Release|Any CPU
		{B8EA8243-44E5-4B94-9E2E-026D8260950C}.Release|ARM.ActiveCfg = Release|Any CPU
		{B8EA8243-44E5-4B94-9E2E-026D8260950C}.Release|ARM.Build.0 = Release|Any CPU
		{B8EA8243-44E5-4B94-9E2E-026D8260950C}.Release|ARM.Deploy.0 = Release|Any CPU
		{B8EA8243-44E5-4B94-9E2E-026D8260950C}.Release|iPhone.ActiveCfg = Release|Any CPU
		{B8EA8243-44E5-4B94-9E2E-026D8260950C}.Release|iPhone.Build.0 = Release|Any CPU
		{B8EA8243-44E5-4B94-9E2E-026D8260950C}.Release|iPhone.Deploy.0 = Release|Any CPU
		{B8EA8243-44E5-4B94-9E2E-026D8260950C}.Release|iPhoneSimulator.ActiveCfg = Release|Any CPU
		{B8EA8243-44E5-4B94-9E2E-026D8260950C}.Release|iPhoneSimulator.Build.0 = Release|Any CPU
		{B8EA8243-44E5-4B94-9E2E-026D8260950C}.Release|iPhoneSimulator.Deploy.0 = Release|Any CPU
		{B8EA8243-44E5-4B94-9E2E-026D8260950C}.Release|x64.ActiveCfg = Release|Any CPU
		{B8EA8243-44E5-4B94-9E2E-026D8260950C}.Release|x64.Build.0 = Release|Any CPU
		{B8EA8243-44E5-4B94-9E2E-026D8260950C}.Release|x64.Deploy.0 = Release|Any CPU
		{B8EA8243-44E5-4B94-9E2E-026D8260950C}.Release|x86.ActiveCfg = Release|Any CPU
		{B8EA8243-44E5-4B94-9E2E-026D8260950C}.Release|x86.Build.0 = Release|Any CPU
		{B8EA8243-44E5-4B94-9E2E-026D8260950C}.Release|x86.Deploy.0 = Release|Any CPU
		{ABA87CD0-B936-4789-8CC1-05C1471F0F11}.Debug|Any CPU.ActiveCfg = Debug|iPhone
		{ABA87CD0-B936-4789-8CC1-05C1471F0F11}.Debug|ARM.ActiveCfg = Debug|iPhone
		{ABA87CD0-B936-4789-8CC1-05C1471F0F11}.Debug|iPhone.ActiveCfg = Debug|iPhone
		{ABA87CD0-B936-4789-8CC1-05C1471F0F11}.Debug|iPhone.Build.0 = Debug|iPhone
		{ABA87CD0-B936-4789-8CC1-05C1471F0F11}.Debug|iPhoneSimulator.ActiveCfg = Debug|iPhoneSimulator
		{ABA87CD0-B936-4789-8CC1-05C1471F0F11}.Debug|iPhoneSimulator.Build.0 = Debug|iPhoneSimulator
		{ABA87CD0-B936-4789-8CC1-05C1471F0F11}.Debug|x64.ActiveCfg = Debug|iPhone
		{ABA87CD0-B936-4789-8CC1-05C1471F0F11}.Debug|x86.ActiveCfg = Debug|iPhone
		{ABA87CD0-B936-4789-8CC1-05C1471F0F11}.Release|Any CPU.ActiveCfg = Release|iPhone
		{ABA87CD0-B936-4789-8CC1-05C1471F0F11}.Release|ARM.ActiveCfg = Release|iPhone
		{ABA87CD0-B936-4789-8CC1-05C1471F0F11}.Release|iPhone.ActiveCfg = Release|iPhone
		{ABA87CD0-B936-4789-8CC1-05C1471F0F11}.Release|iPhone.Build.0 = Release|iPhone
		{ABA87CD0-B936-4789-8CC1-05C1471F0F11}.Release|iPhoneSimulator.ActiveCfg = Release|iPhoneSimulator
		{ABA87CD0-B936-4789-8CC1-05C1471F0F11}.Release|iPhoneSimulator.Build.0 = Release|iPhoneSimulator
		{ABA87CD0-B936-4789-8CC1-05C1471F0F11}.Release|x64.ActiveCfg = Release|iPhone
		{ABA87CD0-B936-4789-8CC1-05C1471F0F11}.Release|x86.ActiveCfg = Release|iPhone
		{8AC783FE-902B-4CE2-8593-8A6D4927CCF2}.Debug|Any CPU.ActiveCfg = Debug|Any CPU
		{8AC783FE-902B-4CE2-8593-8A6D4927CCF2}.Debug|Any CPU.Build.0 = Debug|Any CPU
		{8AC783FE-902B-4CE2-8593-8A6D4927CCF2}.Debug|ARM.ActiveCfg = Debug|Any CPU
		{8AC783FE-902B-4CE2-8593-8A6D4927CCF2}.Debug|ARM.Build.0 = Debug|Any CPU
		{8AC783FE-902B-4CE2-8593-8A6D4927CCF2}.Debug|iPhone.ActiveCfg = Debug|Any CPU
		{8AC783FE-902B-4CE2-8593-8A6D4927CCF2}.Debug|iPhone.Build.0 = Debug|Any CPU
		{8AC783FE-902B-4CE2-8593-8A6D4927CCF2}.Debug|iPhoneSimulator.ActiveCfg = Debug|Any CPU
		{8AC783FE-902B-4CE2-8593-8A6D4927CCF2}.Debug|iPhoneSimulator.Build.0 = Debug|Any CPU
		{8AC783FE-902B-4CE2-8593-8A6D4927CCF2}.Debug|x64.ActiveCfg = Debug|Any CPU
		{8AC783FE-902B-4CE2-8593-8A6D4927CCF2}.Debug|x64.Build.0 = Debug|Any CPU
		{8AC783FE-902B-4CE2-8593-8A6D4927CCF2}.Debug|x86.ActiveCfg = Debug|Any CPU
		{8AC783FE-902B-4CE2-8593-8A6D4927CCF2}.Debug|x86.Build.0 = Debug|Any CPU
		{8AC783FE-902B-4CE2-8593-8A6D4927CCF2}.Release|Any CPU.ActiveCfg = Release|Any CPU
		{8AC783FE-902B-4CE2-8593-8A6D4927CCF2}.Release|Any CPU.Build.0 = Release|Any CPU
		{8AC783FE-902B-4CE2-8593-8A6D4927CCF2}.Release|ARM.ActiveCfg = Release|Any CPU
		{8AC783FE-902B-4CE2-8593-8A6D4927CCF2}.Release|ARM.Build.0 = Release|Any CPU
		{8AC783FE-902B-4CE2-8593-8A6D4927CCF2}.Release|iPhone.ActiveCfg = Release|Any CPU
		{8AC783FE-902B-4CE2-8593-8A6D4927CCF2}.Release|iPhone.Build.0 = Release|Any CPU
		{8AC783FE-902B-4CE2-8593-8A6D4927CCF2}.Release|iPhoneSimulator.ActiveCfg = Release|Any CPU
		{8AC783FE-902B-4CE2-8593-8A6D4927CCF2}.Release|iPhoneSimulator.Build.0 = Release|Any CPU
		{8AC783FE-902B-4CE2-8593-8A6D4927CCF2}.Release|x64.ActiveCfg = Release|Any CPU
		{8AC783FE-902B-4CE2-8593-8A6D4927CCF2}.Release|x64.Build.0 = Release|Any CPU
		{8AC783FE-902B-4CE2-8593-8A6D4927CCF2}.Release|x86.ActiveCfg = Release|Any CPU
		{8AC783FE-902B-4CE2-8593-8A6D4927CCF2}.Release|x86.Build.0 = Release|Any CPU
	EndGlobalSection
	GlobalSection(SolutionProperties) = preSolution
		HideSolutionNode = FALSE
	EndGlobalSection
	GlobalSection(ExtensibilityGlobals) = postSolution
		SolutionGuid = {DBBCADBC-805F-43FD-A119-09034A7F0853}
	EndGlobalSection
EndGlobal
