
Microsoft Visual Studio Solution File, Format Version 12.00
# Visual Studio Version 16
VisualStudioVersion = 16.0.29209.62
MinimumVisualStudioVersion = 10.0.40219.1
Project("{FAE04EC0-301F-11D3-BF4B-00C04F79EFBC}") = "mvcAddress", "mvcAddress\mvcAddress.csproj", "{CBCA8D42-1518-4912-8E2B-9BE3E2206507}"
EndProject
Project("{FAE04EC0-301F-11D3-BF4B-00C04F79EFBC}") = "apiAddressbook", "apiAddressbook\apiAddressbook.csproj", "{DFBB6BDF-89C8-40DC-AB4D-261F6A6DC755}"
EndProject
Global
	GlobalSection(SolutionConfigurationPlatforms) = preSolution
		Debug|Any CPU = Debug|Any CPU
		Release|Any CPU = Release|Any CPU
	EndGlobalSection
	GlobalSection(ProjectConfigurationPlatforms) = postSolution
		{CBCA8D42-1518-4912-8E2B-9BE3E2206507}.Debug|Any CPU.ActiveCfg = Debug|Any CPU
		{CBCA8D42-1518-4912-8E2B-9BE3E2206507}.Debug|Any CPU.Build.0 = Debug|Any CPU
		{CBCA8D42-1518-4912-8E2B-9BE3E2206507}.Release|Any CPU.ActiveCfg = Release|Any CPU
		{CBCA8D42-1518-4912-8E2B-9BE3E2206507}.Release|Any CPU.Build.0 = Release|Any CPU
		{DFBB6BDF-89C8-40DC-AB4D-261F6A6DC755}.Debug|Any CPU.ActiveCfg = Debug|Any CPU
		{DFBB6BDF-89C8-40DC-AB4D-261F6A6DC755}.Debug|Any CPU.Build.0 = Debug|Any CPU
		{DFBB6BDF-89C8-40DC-AB4D-261F6A6DC755}.Release|Any CPU.ActiveCfg = Release|Any CPU
		{DFBB6BDF-89C8-40DC-AB4D-261F6A6DC755}.Release|Any CPU.Build.0 = Release|Any CPU
	EndGlobalSection
	GlobalSection(SolutionProperties) = preSolution
		HideSolutionNode = FALSE
	EndGlobalSection
	GlobalSection(ExtensibilityGlobals) = postSolution
		SolutionGuid = {DBBCADBC-805F-43FD-A119-09034A7F0853}
	EndGlobalSection
EndGlobal
